{
  "name": "tsumo",
  "lockfileVersion": 3,
  "requires": true,
  "packages": {
    "": {
      "name": "tsumo",
      "workspaces": [
        "packages/*"
      ],
      "devDependencies": {
        "@tsonic/core": "10.0.11",
        "@tsonic/dotnet": "10.0.11",
        "@tsonic/globals": "10.0.11",
        "@tsonic/tsbindgen": "0.7.36",
        "tsonic": "0.0.45",
        "typescript": "5.9.2"
      },
      "engines": {
        "node": ">=22.0.0"
      }
    },
    "node_modules/@tsonic/backend": {
      "version": "0.0.45",
      "resolved": "https://registry.npmjs.org/@tsonic/backend/-/backend-0.0.45.tgz",
      "integrity": "sha512-peYBVVAxc6NeeRelfTomb5516ahy5Lgah+6a1dM1UYdBrmc/dXpT+9+NtL6Da75Yd80ijg3qCI8dS99pB6evRg==",
      "dev": true,
      "dependencies": {
        "@tsonic/emitter": "0.0.45",
        "@tsonic/frontend": "0.0.45"
      },
      "engines": {
        "node": ">=18.0.0"
      }
    },
    "node_modules/@tsonic/cli": {
      "version": "0.0.45",
      "resolved": "https://registry.npmjs.org/@tsonic/cli/-/cli-0.0.45.tgz",
      "integrity": "sha512-Pg+a9JNjFqYCWGfGCtU727uWwqlpe6qBD/o9BLXeMLiRS6c1fL985g62YUB4/nHFTjrjB5ZhNcZq4HABBbPM/g==",
      "dev": true,
      "dependencies": {
        "@tsonic/backend": "0.0.45",
        "@tsonic/emitter": "0.0.45",
        "@tsonic/frontend": "0.0.45",
        "@tsonic/tsbindgen": "0.7.36"
      },
      "bin": {
        "tsonic": "dist/index.js"
      },
      "engines": {
        "node": ">=18.0.0"
      }
    },
    "node_modules/@tsonic/core": {
      "version": "10.0.11",
      "resolved": "https://registry.npmjs.org/@tsonic/core/-/core-10.0.11.tgz",
      "integrity": "sha512-scJtrjglwxsvELz/IiDdgZr8Olr8TmUjvPKZ9v20jqQT0tR6nl57JJuvkWYzisvpJ3dYQDRmqe0dV1GyYyuSTA==",
      "dev": true,
      "license": "MIT",
      "peerDependencies": {
        "@tsonic/dotnet": "10.0.11"
      }
    },
    "node_modules/@tsonic/dotnet": {
      "version": "10.0.11",
      "resolved": "https://registry.npmjs.org/@tsonic/dotnet/-/dotnet-10.0.11.tgz",
      "integrity": "sha512-a8IiWBqsoy6qMT190Qfuof7QqQtFZf5l+4DLHO80yByMEWqnNMkEDyvj0SATWBKooyBi8edIfcV3lGUekxY16g==",
      "dev": true,
      "license": "MIT",
      "peerDependencies": {
        "@tsonic/core": "10.0.11"
      }
    },
    "node_modules/@tsonic/emitter": {
      "version": "0.0.45",
      "resolved": "https://registry.npmjs.org/@tsonic/emitter/-/emitter-0.0.45.tgz",
      "integrity": "sha512-6V2kCts1hHpKbxRj/oSGP26/eEtUMRtTf0kfGuT+4XC2eZfAn/zhQHPBDYgfvCvEXUUorANnKkK1a4NdSlRsyA==",
      "dev": true,
      "dependencies": {
        "@tsonic/frontend": "0.0.45"
      },
      "engines": {
        "node": ">=18.0.0"
      }
    },
    "node_modules/@tsonic/frontend": {
      "version": "0.0.45",
      "resolved": "https://registry.npmjs.org/@tsonic/frontend/-/frontend-0.0.45.tgz",
      "integrity": "sha512-LTYFkrOB+7EuX1D8n3Z/0nq1G/kQere+fQjZ891x9C4NJsg/Cn2ydN4ZHLagYZFOzl3eAlTy/D3ZjQkNLX+31g==",
      "dev": true,
      "dependencies": {
        "typescript": "5.9.2"
      },
      "engines": {
        "node": ">=18.0.0"
      }
    },
    "node_modules/@tsonic/globals": {
      "version": "10.0.11",
      "resolved": "https://registry.npmjs.org/@tsonic/globals/-/globals-10.0.11.tgz",
      "integrity": "sha512-PHciWQZ5ujuIf85VUvQmnpAAq6lZE6VjOsJtY2ArUe9qczECWiq8pBHLVR07CT8549qXgOMjpwp/Bqwk6upklg==",
      "dev": true,
      "license": "MIT",
      "dependencies": {
        "@tsonic/dotnet": "10.0.11"
      }
    },
    "node_modules/@tsonic/tsbindgen": {
      "version": "0.7.36",
      "resolved": "https://registry.npmjs.org/@tsonic/tsbindgen/-/tsbindgen-0.7.36.tgz",
      "integrity": "sha512-qbeQVgVTNCiTrKqcSGeEM2P7oEM3Ycxp4ZrSC+xKAp0swtbvzCS1PMrUxtFpUSqVWrhV60eD1f4O10vEsd5RLA==",
      "dev": true,
      "license": "MIT",
      "bin": {
        "tsbindgen": "bin.js"
      }
    },
    "node_modules/@tsumo/engine": {
      "resolved": "packages/engine",
      "link": true
    },
    "node_modules/@tsumo/markdig": {
      "resolved": "packages/markdig",
      "link": true
    },
    "node_modules/tsonic": {
      "version": "0.0.45",
      "resolved": "https://registry.npmjs.org/tsonic/-/tsonic-0.0.45.tgz",
      "integrity": "sha512-HwY6/JIrY/FbAofR47KhYg3Mok3/6HjSGQdB6UcXUTNPR50ws8Jrwv2yu/PmIWutQ/GTln49SSM3Rks7IcV9ig==",
      "dev": true,
      "license": "MIT",
      "dependencies": {
        "@tsonic/cli": "0.0.45"
      },
      "bin": {
        "tsonic": "bin.js"
      }
    },
    "node_modules/tsumo-cli": {
      "resolved": "packages/cli",
      "link": true
    },
    "node_modules/typescript": {
      "version": "5.9.2",
      "resolved": "https://registry.npmjs.org/typescript/-/typescript-5.9.2.tgz",
      "integrity": "sha512-CWBzXQrc/qOkhidw1OzBTQuYRbfyxDXJMVJ1XNwUHGROVmuaeiEm3OslpZ1RV96d7SKKjZKrSJu3+t/xlw3R9A==",
      "dev": true,
      "license": "Apache-2.0",
      "bin": {
        "tsc": "bin/tsc",
        "tsserver": "bin/tsserver"
      },
      "engines": {
        "node": ">=14.17"
      }
    },
    "packages/cli": {
      "name": "tsumo-cli",
      "version": "0.0.0"
    },
    "packages/engine": {
      "name": "@tsumo/engine",
      "version": "0.0.0"
    },
    "packages/markdig": {
      "name": "@tsumo/markdig",
      "version": "0.0.0"
    }
  }
}
