{
  "name": "tsumo",
  "lockfileVersion": 3,
  "requires": true,
  "packages": {
    "": {
      "name": "tsumo",
      "workspaces": [
        "packages/*"
      ],
      "devDependencies": {
        "@tsonic/core": "10.0.16",
        "@tsonic/dotnet": "10.0.16",
        "@tsonic/globals": "10.0.16",
        "@tsonic/tsbindgen": "0.7.38",
        "tsonic": "0.0.47",
        "typescript": "5.9.2"
      },
      "engines": {
        "node": ">=22.0.0"
      }
    },
    "node_modules/@tsonic/backend": {
      "version": "0.0.47",
      "resolved": "https://registry.npmjs.org/@tsonic/backend/-/backend-0.0.47.tgz",
      "integrity": "sha512-bDXzc02ux5CU8992Dkum5bqTm17YYCiJcvH075ov3y34SEGgjp0ZN62Tx9hNRHMYczwFrNjwfyIsbPJFOVSrGA==",
      "dev": true,
      "dependencies": {
        "@tsonic/emitter": "0.0.47",
        "@tsonic/frontend": "0.0.47"
      },
      "engines": {
        "node": ">=18.0.0"
      }
    },
    "node_modules/@tsonic/cli": {
      "version": "0.0.47",
      "resolved": "https://registry.npmjs.org/@tsonic/cli/-/cli-0.0.47.tgz",
      "integrity": "sha512-uQFRzz0ZiAiP8WFAzuvH1AnVXNuXqSftoQ1gwkOHVT7apE17312gnoG2cI3Cn4ULGLzBk8yEINRh3shV47QM7Q==",
      "dev": true,
      "dependencies": {
        "@tsonic/backend": "0.0.47",
        "@tsonic/emitter": "0.0.47",
        "@tsonic/frontend": "0.0.47",
        "@tsonic/tsbindgen": "0.7.38"
      },
      "bin": {
        "tsonic": "dist/index.js"
      },
      "engines": {
        "node": ">=18.0.0"
      }
    },
    "node_modules/@tsonic/core": {
      "version": "10.0.16",
      "resolved": "https://registry.npmjs.org/@tsonic/core/-/core-10.0.16.tgz",
      "integrity": "sha512-kogwJoIyX2mCmof0tBUHy84uog0+XTw/pt/xMBwtPRaz7ywNLc47N3l84QkLrwhRkcohrq38BS3P3UkByQgCrA==",
      "dev": true,
      "license": "MIT",
      "peerDependencies": {
        "@tsonic/dotnet": "10.0.16"
      }
    },
    "node_modules/@tsonic/dotnet": {
      "version": "10.0.16",
      "resolved": "https://registry.npmjs.org/@tsonic/dotnet/-/dotnet-10.0.16.tgz",
      "integrity": "sha512-MLl9I43M+VOeVgVKdxjHvP4EXZkweRWH0Rwf6Bbk9oOCJ9yVz6W2UbeVIqHyarWxyjGMuml4DNm83jcymehWAQ==",
      "dev": true,
      "license": "MIT",
      "peerDependencies": {
        "@tsonic/core": "10.0.16"
      }
    },
    "node_modules/@tsonic/emitter": {
      "version": "0.0.47",
      "resolved": "https://registry.npmjs.org/@tsonic/emitter/-/emitter-0.0.47.tgz",
      "integrity": "sha512-a/7QAjWAlqHcwTRlFlgvjrOOAsamZU88bS03ZtPEL+tv1HGvfj6aNzb2fZKLEGaBHSXr/P7imSc2IOV5IAp2kA==",
      "dev": true,
      "dependencies": {
        "@tsonic/frontend": "0.0.47"
      },
      "engines": {
        "node": ">=18.0.0"
      }
    },
    "node_modules/@tsonic/frontend": {
      "version": "0.0.47",
      "resolved": "https://registry.npmjs.org/@tsonic/frontend/-/frontend-0.0.47.tgz",
      "integrity": "sha512-ygWytDmPeXXLXRKNX0I8MJsPCXbgApk/UmFVduqbgY3V2MDnowsiZ9kRVLTHbKFGSd+CRmBJZFN/aTTS0GtxKw==",
      "dev": true,
      "dependencies": {
        "typescript": "5.9.2"
      },
      "engines": {
        "node": ">=18.0.0"
      }
    },
    "node_modules/@tsonic/globals": {
      "version": "10.0.16",
      "resolved": "https://registry.npmjs.org/@tsonic/globals/-/globals-10.0.16.tgz",
      "integrity": "sha512-/E1HNhDiTfGGRYgk2B8ehPP2hX31Aw1hrQO8i66o3SA4P4TU+C3OB7UowQkPGEnqN7CT/hCMhUQlFV5N+JYz0g==",
      "dev": true,
      "license": "MIT",
      "dependencies": {
        "@tsonic/dotnet": "10.0.16"
      }
    },
    "node_modules/@tsonic/tsbindgen": {
      "version": "0.7.38",
      "resolved": "https://registry.npmjs.org/@tsonic/tsbindgen/-/tsbindgen-0.7.38.tgz",
      "integrity": "sha512-sovPUSTXpV3zWZ7o3VGKYQHM4vhFisD5VFCeitO2ntc/B4muFrzKBHu+aW5cvvVxLl55Bs7knMdiwf2qnvZC7A==",
      "dev": true,
      "license": "MIT",
      "bin": {
        "tsbindgen": "bin.js"
      }
    },
    "node_modules/@tsumo/engine": {
      "resolved": "packages/engine",
      "link": true
    },
    "node_modules/@tsumo/markdig": {
      "resolved": "packages/markdig",
      "link": true
    },
    "node_modules/tsonic": {
      "version": "0.0.47",
      "resolved": "https://registry.npmjs.org/tsonic/-/tsonic-0.0.47.tgz",
      "integrity": "sha512-af/MvgKjrbi5be2DDwk7Mz/zes8IFc0a6vZbkGF/es/cgj1vkRANRujinh4rqUaLX+n8fQ3c9O6ABFgVquMWMw==",
      "dev": true,
      "license": "MIT",
      "dependencies": {
        "@tsonic/cli": "0.0.47"
      },
      "bin": {
        "tsonic": "bin.js"
      }
    },
    "node_modules/tsumo-cli": {
      "resolved": "packages/cli",
      "link": true
    },
    "node_modules/typescript": {
      "version": "5.9.2",
      "resolved": "https://registry.npmjs.org/typescript/-/typescript-5.9.2.tgz",
      "integrity": "sha512-CWBzXQrc/qOkhidw1OzBTQuYRbfyxDXJMVJ1XNwUHGROVmuaeiEm3OslpZ1RV96d7SKKjZKrSJu3+t/xlw3R9A==",
      "dev": true,
      "license": "Apache-2.0",
      "bin": {
        "tsc": "bin/tsc",
        "tsserver": "bin/tsserver"
      },
      "engines": {
        "node": ">=14.17"
      }
    },
    "packages/cli": {
      "name": "tsumo-cli",
      "version": "0.0.0"
    },
    "packages/engine": {
      "name": "@tsumo/engine",
      "version": "0.0.0"
    },
    "packages/markdig": {
      "name": "@tsumo/markdig",
      "version": "0.0.0"
    }
  }
}
