{
  "name": "tsumo",
  "lockfileVersion": 3,
  "requires": true,
  "packages": {
    "": {
      "name": "tsumo",
      "workspaces": [
        "packages/*"
      ],
      "devDependencies": {
        "@tsonic/core": "10.0.21",
        "@tsonic/dotnet": "10.0.21",
        "@tsonic/globals": "10.0.21",
        "@tsonic/tsbindgen": "0.7.39",
        "tsonic": "0.0.54",
        "typescript": "5.9.2"
      },
      "engines": {
        "node": ">=22.0.0"
      }
    },
    "node_modules/@tsonic/backend": {
      "version": "0.0.54",
      "resolved": "https://registry.npmjs.org/@tsonic/backend/-/backend-0.0.54.tgz",
      "integrity": "sha512-KaBASJcQxOoQYqrvYKAEoiGCpgAn3HhA8ngWYhcZHiGpM1HYD8ZmBuLw4Fz9R/+yXpH4459KGBG8FswA7K1EpQ==",
      "dev": true,
      "dependencies": {
        "@tsonic/emitter": "0.0.54",
        "@tsonic/frontend": "0.0.54"
      },
      "engines": {
        "node": ">=18.0.0"
      }
    },
    "node_modules/@tsonic/cli": {
      "version": "0.0.54",
      "resolved": "https://registry.npmjs.org/@tsonic/cli/-/cli-0.0.54.tgz",
      "integrity": "sha512-25j4Dz0HP/FkIlS9SNU8KK3I5LOI7LoDAv4vrJeLT9sZGfs3NLXvzVbBo5Q9xkJJQLnGuvDpEbZGkFQXko78BA==",
      "dev": true,
      "dependencies": {
        "@tsonic/backend": "0.0.54",
        "@tsonic/emitter": "0.0.54",
        "@tsonic/frontend": "0.0.54",
        "@tsonic/tsbindgen": "0.7.39"
      },
      "bin": {
        "tsonic": "dist/index.js"
      },
      "engines": {
        "node": ">=18.0.0"
      }
    },
    "node_modules/@tsonic/core": {
      "version": "10.0.21",
      "resolved": "https://registry.npmjs.org/@tsonic/core/-/core-10.0.21.tgz",
      "integrity": "sha512-+b0Tu8qoH1szZLviHy/hMyKQUlo9aG6XC4zW50iuobPS83Ny8YNXpgXFdP3edkqomcNLlMvX5seUNXHPMR4fng==",
      "dev": true,
      "license": "MIT",
      "peerDependencies": {
        "@tsonic/dotnet": "10.0.21"
      }
    },
    "node_modules/@tsonic/dotnet": {
      "version": "10.0.21",
      "resolved": "https://registry.npmjs.org/@tsonic/dotnet/-/dotnet-10.0.21.tgz",
      "integrity": "sha512-qmFJwGKfRp3PB1CppeoYl+QqWeUn0DOhiZClFYXGBtxKCZYSJHD+09wrlYmwW9Sx2jfTCNaeGYyIvVYH+qlO1w==",
      "dev": true,
      "license": "MIT",
      "peerDependencies": {
        "@tsonic/core": "10.0.21"
      }
    },
    "node_modules/@tsonic/emitter": {
      "version": "0.0.54",
      "resolved": "https://registry.npmjs.org/@tsonic/emitter/-/emitter-0.0.54.tgz",
      "integrity": "sha512-tiWH4DLz+kr8By+sUsatHl7xaHDz9jISgKdORrJgaTFA8NlG2nXgbVqTbHZBMBRovzUOxlA2C/e02PjYPZFMVQ==",
      "dev": true,
      "dependencies": {
        "@tsonic/frontend": "0.0.54"
      },
      "engines": {
        "node": ">=18.0.0"
      }
    },
    "node_modules/@tsonic/frontend": {
      "version": "0.0.54",
      "resolved": "https://registry.npmjs.org/@tsonic/frontend/-/frontend-0.0.54.tgz",
      "integrity": "sha512-j+ES3kqwyjHLWd/y5B9GA9WhKMUMAO8lWzVhk+s2z2qUjSwDFgnX8/x5Xx+LwSDBtO0P1v7eXwmOrMI2Hikg7A==",
      "dev": true,
      "dependencies": {
        "typescript": "5.9.2"
      },
      "engines": {
        "node": ">=18.0.0"
      }
    },
    "node_modules/@tsonic/globals": {
      "version": "10.0.21",
      "resolved": "https://registry.npmjs.org/@tsonic/globals/-/globals-10.0.21.tgz",
      "integrity": "sha512-sedSZ+0YIp8g6ZHJLRP/D2WJkv5y5F+h9sBmgY6xqYENtgqANB52kFyAKxHpnHeAKNRsveIv3BJL3rpr9+F4FA==",
      "dev": true,
      "license": "MIT",
      "dependencies": {
        "@tsonic/dotnet": "10.0.21"
      }
    },
    "node_modules/@tsonic/tsbindgen": {
      "version": "0.7.39",
      "resolved": "https://registry.npmjs.org/@tsonic/tsbindgen/-/tsbindgen-0.7.39.tgz",
      "integrity": "sha512-0gyigPSoUE4l+fR0XDaHkWKvZuGdnvWpTlJRQaN3M43sbOCWU6dBrHhlKpUNa0sC4iLT271nqDCjLpLM6/WgOQ==",
      "dev": true,
      "license": "MIT",
      "bin": {
        "tsbindgen": "bin.js"
      }
    },
    "node_modules/@tsumo/engine": {
      "resolved": "packages/engine",
      "link": true
    },
    "node_modules/@tsumo/markdig": {
      "resolved": "packages/markdig",
      "link": true
    },
    "node_modules/tsonic": {
      "version": "0.0.54",
      "resolved": "https://registry.npmjs.org/tsonic/-/tsonic-0.0.54.tgz",
      "integrity": "sha512-dS6gVosFUIUaMiYmhkzlj2HD9342zu6pe6ZnfP/tKBqu9Enjm2DT3iA3xM4CYOqQ0fKzYrZLjZnAUhmeyXVW8Q==",
      "dev": true,
      "license": "MIT",
      "dependencies": {
        "@tsonic/cli": "0.0.54"
      },
      "bin": {
        "tsonic": "bin.js"
      }
    },
    "node_modules/tsumo-cli": {
      "resolved": "packages/cli",
      "link": true
    },
    "node_modules/typescript": {
      "version": "5.9.2",
      "resolved": "https://registry.npmjs.org/typescript/-/typescript-5.9.2.tgz",
      "integrity": "sha512-CWBzXQrc/qOkhidw1OzBTQuYRbfyxDXJMVJ1XNwUHGROVmuaeiEm3OslpZ1RV96d7SKKjZKrSJu3+t/xlw3R9A==",
      "dev": true,
      "license": "Apache-2.0",
      "bin": {
        "tsc": "bin/tsc",
        "tsserver": "bin/tsserver"
      },
      "engines": {
        "node": ">=14.17"
      }
    },
    "packages/cli": {
      "name": "tsumo-cli",
      "version": "0.0.0"
    },
    "packages/engine": {
      "name": "@tsumo/engine",
      "version": "0.0.0"
    },
    "packages/markdig": {
      "name": "@tsumo/markdig",
      "version": "0.0.0"
    }
  }
}
