{
  "version": 1,
  "dependencies": {
    "net10.0": {
      "BouncyCastle.Cryptography": {
        "type": "Direct",
        "requested": "[2.4.0, )",
        "resolved": "2.4.0",
        "contentHash": "SwXsAV3sMvAU/Nn31pbjhWurYSjJ+/giI/0n6tCrYoupEK34iIHCuk3STAd9fx8yudM85KkLSVdn951vTng/vQ=="
      },
      "PhotoSauce.MagicScaler": {
        "type": "Direct",
        "requested": "[0.14.2, )",
        "resolved": "0.14.2",
        "contentHash": "rVz7Fb3/hyTLIP6NikCnnAiIz3vl5yfOooyehVz0FFsZCSd+UFgNTOjTvI+4xhpoQs08/RjU6DQz181qxzzRVA=="
      }
    }
  }
}